Microsoft Visual Studio Solution File, Format Version 12.00
# Visual Studio Version 17
VisualStudioVersion = 17.5.2.0
MinimumVisualStudioVersion = 10.0.40219.1
Project("{FAE04EC0-301F-11D3-BF4B-00C04F79EFBC}") = "CursorLockerTrayApp", "CursorLockerTrayApp.csproj", "{525E510A-0B55-6A8A-EA96-7FF6B0585EEE}"
EndProject
Project("{54435603-DBB4-11D2-8724-00A0C9A8B90C}") = "CursorLockerTrayApp.Installer", "..\CursorLockerTrayApp.Installer\CursorLockerTrayApp.Installer.vdproj", "{F048A9D8-55A5-9069-C024-EE068D6ABC6A}"
EndProject
Global
	GlobalSection(SolutionConfigurationPlatforms) = preSolution
		Debug|Any CPU = Debug|Any CPU
		Release|Any CPU = Release|Any CPU
	EndGlobalSection
	GlobalSection(ProjectConfigurationPlatforms) = postSolution
		{525E510A-0B55-6A8A-EA96-7FF6B0585EEE}.Debug|Any CPU.ActiveCfg = Debug|Any CPU
		{525E510A-0B55-6A8A-EA96-7FF6B0585EEE}.Debug|Any CPU.Build.0 = Debug|Any CPU
		{525E510A-0B55-6A8A-EA96-7FF6B0585EEE}.Release|Any CPU.ActiveCfg = Release|Any CPU
		{525E510A-0B55-6A8A-EA96-7FF6B0585EEE}.Release|Any CPU.Build.0 = Release|Any CPU
		{F048A9D8-55A5-9069-C024-EE068D6ABC6A}.Debug|Any CPU.ActiveCfg = Debug
		{F048A9D8-55A5-9069-C024-EE068D6ABC6A}.Release|Any CPU.ActiveCfg = Release
	EndGlobalSection
	GlobalSection(SolutionProperties) = preSolution
		HideSolutionNode = FALSE
	EndGlobalSection
	GlobalSection(ExtensibilityGlobals) = postSolution
		SolutionGuid = {D9CB6B5C-0090-4838-9B08-9F772184D8D3}
	EndGlobalSection
EndGlobal
